
Microsoft Visual Studio Solution File, Format Version 12.00
Project("{2150E333-8FDC-42A3-9474-1A3956D46DE8}") = "src", "src", "{6F2E9F58-3444-44F8-8774-33A802A35746}"
EndProject
Project("{FAE04EC0-301F-11D3-BF4B-00C04F79EFBC}") = "MyProjectTemplate.Api", "src\MyProjectTemplate.Api\MyProjectTemplate.Api.csproj", "{39A71863-4C8E-442B-BA57-4413EE1552BA}"
EndProject
Project("{FAE04EC0-301F-11D3-BF4B-00C04F79EFBC}") = "MyProjectTemplate.Application", "src\MyProjectTemplate.Application\MyProjectTemplate.Application.csproj", "{5277E064-7C81-4D74-BB31-D3B175EB3A39}"
EndProject
Project("{FAE04EC0-301F-11D3-BF4B-00C04F79EFBC}") = "MyProjectTemplate.Core", "src\MyProjectTemplate.Core\MyProjectTemplate.Core.csproj", "{557D419D-E495-405B-881D-D8294C09C736}"
EndProject
Project("{FAE04EC0-301F-11D3-BF4B-00C04F79EFBC}") = "MyProjectTemplate.Domain", "src\MyProjectTemplate.Domain\MyProjectTemplate.Domain.csproj", "{5229F6E2-2EA6-4088-BEB9-1BA24E3110C2}"
EndProject
Project("{FAE04EC0-301F-11D3-BF4B-00C04F79EFBC}") = "MyProjectTemplate.Infra", "src\MyProjectTemplate.Infra\MyProjectTemplate.Infra.csproj", "{EF07CFC0-B076-494D-A8AE-53F7026F4A2D}"
EndProject
Project("{2150E333-8FDC-42A3-9474-1A3956D46DE8}") = "tests", "tests", "{EFD1077A-F5D8-4957-A71B-4742EE222C63}"
EndProject
Project("{FAE04EC0-301F-11D3-BF4B-00C04F79EFBC}") = "MyProjectTemplate.Api.Tests", "tests\MyProjectTemplate.Api.Tests\MyProjectTemplate.Api.Tests.csproj", "{E39057A9-8A48-419B-A845-185BFD76FD5C}"
EndProject
Project("{FAE04EC0-301F-11D3-BF4B-00C04F79EFBC}") = "MyProjectTemplate.Application.Tests", "tests\MyProjectTemplate.Application.Tests\MyProjectTemplate.Application.Tests.csproj", "{B0214DBE-A573-41A0-B2DA-955340C2FC03}"
EndProject
Project("{FAE04EC0-301F-11D3-BF4B-00C04F79EFBC}") = "MyProjectTemplate.Core.Tests", "tests\MyProjectTemplate.Core.Tests\MyProjectTemplate.Core.Tests.csproj", "{9B9B020B-36CD-4CD8-A802-C94C1794F34B}"
EndProject
Project("{FAE04EC0-301F-11D3-BF4B-00C04F79EFBC}") = "MyProjectTemplate.Domain.Tests", "tests\MyProjectTemplate.Domain.Tests\MyProjectTemplate.Domain.Tests.csproj", "{7790DBB1-C90B-483E-AF98-437448F9F010}"
EndProject
Project("{FAE04EC0-301F-11D3-BF4B-00C04F79EFBC}") = "MyProjectTemplate.Infra.Tests", "tests\MyProjectTemplate.Infra.Tests\MyProjectTemplate.Infra.Tests.csproj", "{9F062B3C-EA88-438C-BF89-25B09C23B098}"
EndProject
Global
	GlobalSection(SolutionConfigurationPlatforms) = preSolution
		Debug|Any CPU = Debug|Any CPU
		Release|Any CPU = Release|Any CPU
	EndGlobalSection
	GlobalSection(NestedProjects) = preSolution
		{39A71863-4C8E-442B-BA57-4413EE1552BA} = {6F2E9F58-3444-44F8-8774-33A802A35746}
		{5277E064-7C81-4D74-BB31-D3B175EB3A39} = {6F2E9F58-3444-44F8-8774-33A802A35746}
		{557D419D-E495-405B-881D-D8294C09C736} = {6F2E9F58-3444-44F8-8774-33A802A35746}
		{5229F6E2-2EA6-4088-BEB9-1BA24E3110C2} = {6F2E9F58-3444-44F8-8774-33A802A35746}
		{EF07CFC0-B076-494D-A8AE-53F7026F4A2D} = {6F2E9F58-3444-44F8-8774-33A802A35746}
		{E39057A9-8A48-419B-A845-185BFD76FD5C} = {EFD1077A-F5D8-4957-A71B-4742EE222C63}
		{B0214DBE-A573-41A0-B2DA-955340C2FC03} = {EFD1077A-F5D8-4957-A71B-4742EE222C63}
		{9B9B020B-36CD-4CD8-A802-C94C1794F34B} = {EFD1077A-F5D8-4957-A71B-4742EE222C63}
		{7790DBB1-C90B-483E-AF98-437448F9F010} = {EFD1077A-F5D8-4957-A71B-4742EE222C63}
		{9F062B3C-EA88-438C-BF89-25B09C23B098} = {EFD1077A-F5D8-4957-A71B-4742EE222C63}
	EndGlobalSection
	GlobalSection(ProjectConfigurationPlatforms) = postSolution
		{39A71863-4C8E-442B-BA57-4413EE1552BA}.Debug|Any CPU.ActiveCfg = Debug|Any CPU
		{39A71863-4C8E-442B-BA57-4413EE1552BA}.Debug|Any CPU.Build.0 = Debug|Any CPU
		{39A71863-4C8E-442B-BA57-4413EE1552BA}.Release|Any CPU.ActiveCfg = Release|Any CPU
		{39A71863-4C8E-442B-BA57-4413EE1552BA}.Release|Any CPU.Build.0 = Release|Any CPU
		{5277E064-7C81-4D74-BB31-D3B175EB3A39}.Debug|Any CPU.ActiveCfg = Debug|Any CPU
		{5277E064-7C81-4D74-BB31-D3B175EB3A39}.Debug|Any CPU.Build.0 = Debug|Any CPU
		{5277E064-7C81-4D74-BB31-D3B175EB3A39}.Release|Any CPU.ActiveCfg = Release|Any CPU
		{5277E064-7C81-4D74-BB31-D3B175EB3A39}.Release|Any CPU.Build.0 = Release|Any CPU
		{557D419D-E495-405B-881D-D8294C09C736}.Debug|Any CPU.ActiveCfg = Debug|Any CPU
		{557D419D-E495-405B-881D-D8294C09C736}.Debug|Any CPU.Build.0 = Debug|Any CPU
		{557D419D-E495-405B-881D-D8294C09C736}.Release|Any CPU.ActiveCfg = Release|Any CPU
		{557D419D-E495-405B-881D-D8294C09C736}.Release|Any CPU.Build.0 = Release|Any CPU
		{5229F6E2-2EA6-4088-BEB9-1BA24E3110C2}.Debug|Any CPU.ActiveCfg = Debug|Any CPU
		{5229F6E2-2EA6-4088-BEB9-1BA24E3110C2}.Debug|Any CPU.Build.0 = Debug|Any CPU
		{5229F6E2-2EA6-4088-BEB9-1BA24E3110C2}.Release|Any CPU.ActiveCfg = Release|Any CPU
		{5229F6E2-2EA6-4088-BEB9-1BA24E3110C2}.Release|Any CPU.Build.0 = Release|Any CPU
		{EF07CFC0-B076-494D-A8AE-53F7026F4A2D}.Debug|Any CPU.ActiveCfg = Debug|Any CPU
		{EF07CFC0-B076-494D-A8AE-53F7026F4A2D}.Debug|Any CPU.Build.0 = Debug|Any CPU
		{EF07CFC0-B076-494D-A8AE-53F7026F4A2D}.Release|Any CPU.ActiveCfg = Release|Any CPU
		{EF07CFC0-B076-494D-A8AE-53F7026F4A2D}.Release|Any CPU.Build.0 = Release|Any CPU
		{E39057A9-8A48-419B-A845-185BFD76FD5C}.Debug|Any CPU.ActiveCfg = Debug|Any CPU
		{E39057A9-8A48-419B-A845-185BFD76FD5C}.Debug|Any CPU.Build.0 = Debug|Any CPU
		{E39057A9-8A48-419B-A845-185BFD76FD5C}.Release|Any CPU.ActiveCfg = Release|Any CPU
		{E39057A9-8A48-419B-A845-185BFD76FD5C}.Release|Any CPU.Build.0 = Release|Any CPU
		{B0214DBE-A573-41A0-B2DA-955340C2FC03}.Debug|Any CPU.ActiveCfg = Debug|Any CPU
		{B0214DBE-A573-41A0-B2DA-955340C2FC03}.Debug|Any CPU.Build.0 = Debug|Any CPU
		{B0214DBE-A573-41A0-B2DA-955340C2FC03}.Release|Any CPU.ActiveCfg = Release|Any CPU
		{B0214DBE-A573-41A0-B2DA-955340C2FC03}.Release|Any CPU.Build.0 = Release|Any CPU
		{9B9B020B-36CD-4CD8-A802-C94C1794F34B}.Debug|Any CPU.ActiveCfg = Debug|Any CPU
		{9B9B020B-36CD-4CD8-A802-C94C1794F34B}.Debug|Any CPU.Build.0 = Debug|Any CPU
		{9B9B020B-36CD-4CD8-A802-C94C1794F34B}.Release|Any CPU.ActiveCfg = Release|Any CPU
		{9B9B020B-36CD-4CD8-A802-C94C1794F34B}.Release|Any CPU.Build.0 = Release|Any CPU
		{7790DBB1-C90B-483E-AF98-437448F9F010}.Debug|Any CPU.ActiveCfg = Debug|Any CPU
		{7790DBB1-C90B-483E-AF98-437448F9F010}.Debug|Any CPU.Build.0 = Debug|Any CPU
		{7790DBB1-C90B-483E-AF98-437448F9F010}.Release|Any CPU.ActiveCfg = Release|Any CPU
		{7790DBB1-C90B-483E-AF98-437448F9F010}.Release|Any CPU.Build.0 = Release|Any CPU
		{9F062B3C-EA88-438C-BF89-25B09C23B098}.Debug|Any CPU.ActiveCfg = Debug|Any CPU
		{9F062B3C-EA88-438C-BF89-25B09C23B098}.Debug|Any CPU.Build.0 = Debug|Any CPU
		{9F062B3C-EA88-438C-BF89-25B09C23B098}.Release|Any CPU.ActiveCfg = Release|Any CPU
		{9F062B3C-EA88-438C-BF89-25B09C23B098}.Release|Any CPU.Build.0 = Release|Any CPU
	EndGlobalSection
EndGlobal
